github.com/cetric32/GoHTTP v0.2.0 h1:JDrw7TFYmBoen2SG2o5fWofjRJfAWuVgBqx9VaiTm80=
github.com/cetric32/GoHTTP v0.2.0/go.mod h1:BQif+gThb6d2nUbYZaiPQEXtMSM6XlJOTtBxx1FnQ7o=
github.com/cetric32/GoHTTP v0.2.4 h1:ijLl9TvRTFMJlKaWfdywoikyWRvnt/oQLrb+5PAQdcE=
github.com/cetric32/GoHTTP v0.2.4/go.mod h1:BQif+gThb6d2nUbYZaiPQEXtMSM6XlJOTtBxx1FnQ7o=
github.com/joho/godotenv v1.5.1 h1:7eLL/+HRGLY0ldzfGMeQkb7vMd0as4CfYvUVzLqw0N0=
github.com/joho/godotenv v1.5.1/go.mod h1:f4LDr5Voq0i2e/R5DDNOoa2zzDfwtkZa6DnEwAbqwq4=
